
Microsoft Visual Studio Solution File, Format Version 12.00
# Visual Studio 15
VisualStudioVersion = 15.0.28307.852
MinimumVisualStudioVersion = 10.0.40219.1
Project("{FAE04EC0-301F-11D3-BF4B-00C04F79EFBC}") = "WindowsFormsApp1", "WindowsFormsApp1\WindowsFormsApp1.csproj", "{982B08C6-3EAF-4EC1-AA8F-28CE6A4701F7}"
EndProject
Global
	GlobalSection(SolutionConfigurationPlatforms) = preSolution
		Debug|Any CPU = Debug|Any CPU
		Release|Any CPU = Release|Any CPU
	EndGlobalSection
	GlobalSection(ProjectConfigurationPlatforms) = postSolution
		{982B08C6-3EAF-4EC1-AA8F-28CE6A4701F7}.Debug|Any CPU.ActiveCfg = Debug|Any CPU
		{982B08C6-3EAF-4EC1-AA8F-28CE6A4701F7}.Debug|Any CPU.Build.0 = Debug|Any CPU
		{982B08C6-3EAF-4EC1-AA8F-28CE6A4701F7}.Release|Any CPU.ActiveCfg = Release|Any CPU
		{982B08C6-3EAF-4EC1-AA8F-28CE6A4701F7}.Release|Any CPU.Build.0 = Release|Any CPU
	EndGlobalSection
	GlobalSection(SolutionProperties) = preSolution
		HideSolutionNode = FALSE
	EndGlobalSection
	GlobalSection(ExtensibilityGlobals) = postSolution
		SolutionGuid = {7221A29C-A901-4C5E-A5C2-620A1A6B0220}
	EndGlobalSection
EndGlobal
